
Microsoft Visual Studio Solution File, Format Version 12.00
# Visual Studio 2012
Project("{FAE04EC0-301F-11D3-BF4B-00C04F79EFBC}") = "Learning", "Learning\Learning.csproj", "{C883B663-902C-4BD0-B0E6-F167A29A4D92}"
EndProject
Project("{FAE04EC0-301F-11D3-BF4B-00C04F79EFBC}") = "CrossOver", "CrossOver\CrossOver.csproj", "{04B555E2-082E-4FE6-B0FA-CBA11E48681B}"
EndProject
Global
	GlobalSection(SolutionConfigurationPlatforms) = preSolution
		Debug|Any CPU = Debug|Any CPU
		Release|Any CPU = Release|Any CPU
	EndGlobalSection
	GlobalSection(ProjectConfigurationPlatforms) = postSolution
		{C883B663-902C-4BD0-B0E6-F167A29A4D92}.Debug|Any CPU.ActiveCfg = Debug|Any CPU
		{C883B663-902C-4BD0-B0E6-F167A29A4D92}.Debug|Any CPU.Build.0 = Debug|Any CPU
		{C883B663-902C-4BD0-B0E6-F167A29A4D92}.Release|Any CPU.ActiveCfg = Release|Any CPU
		{C883B663-902C-4BD0-B0E6-F167A29A4D92}.Release|Any CPU.Build.0 = Release|Any CPU
		{04B555E2-082E-4FE6-B0FA-CBA11E48681B}.Debug|Any CPU.ActiveCfg = Debug|Any CPU
		{04B555E2-082E-4FE6-B0FA-CBA11E48681B}.Debug|Any CPU.Build.0 = Debug|Any CPU
		{04B555E2-082E-4FE6-B0FA-CBA11E48681B}.Release|Any CPU.ActiveCfg = Release|Any CPU
		{04B555E2-082E-4FE6-B0FA-CBA11E48681B}.Release|Any CPU.Build.0 = Release|Any CPU
	EndGlobalSection
	GlobalSection(SolutionProperties) = preSolution
		HideSolutionNode = FALSE
	EndGlobalSection
EndGlobal
